// !$*UTF8*$!
{
	archiveVersion = 1;
	classes = {
	};
	objectVersion = 46;
	objects = {

/* Begin PBXBuildFile section */
		673E1CDC1D6AF10B000BBD45 /* main.m in Sources */ = {isa = PBXBuildFile; fileRef = 673E1CDB1D6AF10B000BBD45 /* main.m */; };
		673E1CDF1D6AF10B000BBD45 /* AppDelegate.m in Sources */ = {isa = PBXBuildFile; fileRef = 673E1CDE1D6AF10B000BBD45 /* AppDelegate.m */; };
		673E1CE21D6AF10B000BBD45 /* ViewController.m in Sources */ = {isa = PBXBuildFile; fileRef = 673E1CE11D6AF10B000BBD45 /* ViewController.m */; };
		673E1CE51D6AF10B000BBD45 /* Main.storyboard in Resources */ = {isa = PBXBuildFile; fileRef = 673E1CE31D6AF10B000BBD45 /* Main.storyboard */; };
		673E1CE71D6AF10B000BBD45 /* Assets.xcassets in Resources */ = {isa = PBXBuildFile; fileRef = 673E1CE61D6AF10B000BBD45 /* Assets.xcassets */; };
		673E1CEA1D6AF10B000BBD45 /* LaunchScreen.storyboard in Resources */ = {isa = PBXBuildFile; fileRef = 673E1CE81D6AF10B000BBD45 /* LaunchScreen.storyboard */; };
		673E1D031D6AF13A000BBD45 /* CJCalendarViewController.m in Sources */ = {isa = PBXBuildFile; fileRef = 673E1CF31D6AF13A000BBD45 /* CJCalendarViewController.m */; };
		673E1D041D6AF13A000BBD45 /* CJDecisionView.m in Sources */ = {isa = PBXBuildFile; fileRef = 673E1CF51D6AF13A000BBD45 /* CJDecisionView.m */; };
		673E1D051D6AF13A000BBD45 /* CJMonthDayCollectionCell.m in Sources */ = {isa = PBXBuildFile; fileRef = 673E1CF71D6AF13A000BBD45 /* CJMonthDayCollectionCell.m */; };
		673E1D061D6AF13A000BBD45 /* CJMonthDayCollectionCell.xib in Resources */ = {isa = PBXBuildFile; fileRef = 673E1CF81D6AF13A000BBD45 /* CJMonthDayCollectionCell.xib */; };
		673E1D071D6AF13A000BBD45 /* CJMonthDayViewController.m in Sources */ = {isa = PBXBuildFile; fileRef = 673E1CFA1D6AF13A000BBD45 /* CJMonthDayViewController.m */; };
		673E1D081D6AF13A000BBD45 /* CJSelectTimeScrollView.m in Sources */ = {isa = PBXBuildFile; fileRef = 673E1CFC1D6AF13A000BBD45 /* CJSelectTimeScrollView.m */; };
		673E1D091D6AF13A000BBD45 /* CJShowTimeView.m in Sources */ = {isa = PBXBuildFile; fileRef = 673E1CFE1D6AF13A000BBD45 /* CJShowTimeView.m */; };
		673E1D0A1D6AF13A000BBD45 /* CJUseTime.m in Sources */ = {isa = PBXBuildFile; fileRef = 673E1D001D6AF13A000BBD45 /* CJUseTime.m */; };
		673E1D0B1D6AF13A000BBD45 /* CJYearViewController.m in Sources */ = {isa = PBXBuildFile; fileRef = 673E1D021D6AF13A000BBD45 /* CJYearViewController.m */; };
/* End PBXBuildFile section */

/* Begin PBXFileReference section */
		673E1CD71D6AF10B000BBD45 /* CalendarDemo.app */ = {isa = PBXFileReference; explicitFileType = wrapper.application; includeInIndex = 0; path = CalendarDemo.app; sourceTree = BUILT_PRODUCTS_DIR; };
		673E1CDB1D6AF10B000BBD45 /* main.m */ = {isa = PBXFileReference; lastKnownFileType = sourcecode.c.objc; path = main.m; sourceTree = "<group>"; };
		673E1CDD1D6AF10B000BBD45 /* AppDelegate.h */ = {isa = PBXFileReference; lastKnownFileType = sourcecode.c.h; path = AppDelegate.h; sourceTree = "<group>"; };
		673E1CDE1D6AF10B000BBD45 /* AppDelegate.m */ = {isa = PBXFileReference; lastKnownFileType = sourcecode.c.objc; path = AppDelegate.m; sourceTree = "<group>"; };
		673E1CE01D6AF10B000BBD45 /* ViewController.h */ = {isa = PBXFileReference; lastKnownFileType = sourcecode.c.h; path = ViewController.h; sourceTree = "<group>"; };
		673E1CE11D6AF10B000BBD45 /* ViewController.m */ = {isa = PBXFileReference; lastKnownFileType = sourcecode.c.objc; path = ViewController.m; sourceTree = "<group>"; };
		673E1CE41D6AF10B000BBD45 /* Base */ = {isa = PBXFileReference; lastKnownFileType = file.storyboard; name = Base; path = Base.lproj/Main.storyboard; sourceTree = "<group>"; };
		673E1CE61D6AF10B000BBD45 /* Assets.xcassets */ = {isa = PBXFileReference; lastKnownFileType = folder.assetcatalog; path = Assets.xcassets; sourceTree = "<group>"; };
		673E1CE91D6AF10B000BBD45 /* Base */ = {isa = PBXFileReference; lastKnownFileType = file.storyboard; name = Base; path = Base.lproj/LaunchScreen.storyboard; sourceTree = "<group>"; };
		673E1CEB1D6AF10B000BBD45 /* Info.plist */ = {isa = PBXFileReference; lastKnownFileType = text.plist.xml; path = Info.plist; sourceTree = "<group>"; };
		673E1CF21D6AF13A000BBD45 /* CJCalendarViewController.h */ = {isa = PBXFileReference; fileEncoding = 4; lastKnownFileType = sourcecode.c.h; path = CJCalendarViewController.h; sourceTree = "<group>"; };
		673E1CF31D6AF13A000BBD45 /* CJCalendarViewController.m */ = {isa = PBXFileReference; fileEncoding = 4; lastKnownFileType = sourcecode.c.objc; path = CJCalendarViewController.m; sourceTree = "<group>"; };
		673E1CF41D6AF13A000BBD45 /* CJDecisionView.h */ = {isa = PBXFileReference; fileEncoding = 4; lastKnownFileType = sourcecode.c.h; path = CJDecisionView.h; sourceTree = "<group>"; };
		673E1CF51D6AF13A000BBD45 /* CJDecisionView.m */ = {isa = PBXFileReference; fileEncoding = 4; lastKnownFileType = sourcecode.c.objc; path = CJDecisionView.m; sourceTree = "<group>"; };
		673E1CF61D6AF13A000BBD45 /* CJMonthDayCollectionCell.h */ = {isa = PBXFileReference; fileEncoding = 4; lastKnownFileType = sourcecode.c.h; path = CJMonthDayCollectionCell.h; sourceTree = "<group>"; };
		673E1CF71D6AF13A000BBD45 /* CJMonthDayCollectionCell.m */ = {isa = PBXFileReference; fileEncoding = 4; lastKnownFileType = sourcecode.c.objc; path = CJMonthDayCollectionCell.m; sourceTree = "<group>"; };
		673E1CF81D6AF13A000BBD45 /* CJMonthDayCollectionCell.xib */ = {isa = PBXFileReference; fileEncoding = 4; lastKnownFileType = file.xib; path = CJMonthDayCollectionCell.xib; sourceTree = "<group>"; };
		673E1CF91D6AF13A000BBD45 /* CJMonthDayViewController.h */ = {isa = PBXFileReference; fileEncoding = 4; lastKnownFileType = sourcecode.c.h; path = CJMonthDayViewController.h; sourceTree = "<group>"; };
		673E1CFA1D6AF13A000BBD45 /* CJMonthDayViewController.m */ = {isa = PBXFileReference; fileEncoding = 4; lastKnownFileType = sourcecode.c.objc; path = CJMonthDayViewController.m; sourceTree = "<group>"; };
		673E1CFB1D6AF13A000BBD45 /* CJSelectTimeScrollView.h */ = {isa = PBXFileReference; fileEncoding = 4; lastKnownFileType = sourcecode.c.h; path = CJSelectTimeScrollView.h; sourceTree = "<group>"; };
		673E1CFC1D6AF13A000BBD45 /* CJSelectTimeScrollView.m */ = {isa = PBXFileReference; fileEncoding = 4; lastKnownFileType = sourcecode.c.objc; path = CJSelectTimeScrollView.m; sourceTree = "<group>"; };
		673E1CFD1D6AF13A000BBD45 /* CJShowTimeView.h */ = {isa = PBXFileReference; fileEncoding = 4; lastKnownFileType = sourcecode.c.h; path = CJShowTimeView.h; sourceTree = "<group>"; };
		673E1CFE1D6AF13A000BBD45 /* CJShowTimeView.m */ = {isa = PBXFileReference; fileEncoding = 4; lastKnownFileType = sourcecode.c.objc; path = CJShowTimeView.m; sourceTree = "<group>"; };
		673E1CFF1D6AF13A000BBD45 /* CJUseTime.h */ = {isa = PBXFileReference; fileEncoding = 4; lastKnownFileType = sourcecode.c.h; path = CJUseTime.h; sourceTree = "<group>"; };
		673E1D001D6AF13A000BBD45 /* CJUseTime.m */ = {isa = PBXFileReference; fileEncoding = 4; lastKnownFileType = sourcecode.c.objc; path = CJUseTime.m; sourceTree = "<group>"; };
		673E1D011D6AF13A000BBD45 /* CJYearViewController.h */ = {isa = PBXFileReference; fileEncoding = 4; lastKnownFileType = sourcecode.c.h; path = CJYearViewController.h; sourceTree = "<group>"; };
		673E1D021D6AF13A000BBD45 /* CJYearViewController.m */ = {isa = PBXFileReference; fileEncoding = 4; lastKnownFileType = sourcecode.c.objc; path = CJYearViewController.m; sourceTree = "<group>"; };
/* End PBXFileReference section */

/* Begin PBXFrameworksBuildPhase section */
		673E1CD41D6AF10B000BBD45 /* Frameworks */ = {
			isa = PBXFrameworksBuildPhase;
			buildActionMask = 2147483647;
			files = (
			);
			runOnlyForDeploymentPostprocessing = 0;
		};
/* End PBXFrameworksBuildPhase section */

/* Begin PBXGroup section */
		673E1CCE1D6AF10B000BBD45 = {
			isa = PBXGroup;
			children = (
				673E1CF11D6AF13A000BBD45 /* CJCalendarViewController */,
				673E1CD91D6AF10B000BBD45 /* CalendarDemo */,
				673E1CD81D6AF10B000BBD45 /* Products */,
			);
			sourceTree = "<group>";
		};
		673E1CD81D6AF10B000BBD45 /* Products */ = {
			isa = PBXGroup;
			children = (
				673E1CD71D6AF10B000BBD45 /* CalendarDemo.app */,
			);
			name = Products;
			sourceTree = "<group>";
		};
		673E1CD91D6AF10B000BBD45 /* CalendarDemo */ = {
			isa = PBXGroup;
			children = (
				673E1CDD1D6AF10B000BBD45 /* AppDelegate.h */,
				673E1CDE1D6AF10B000BBD45 /* AppDelegate.m */,
				673E1CE01D6AF10B000BBD45 /* ViewController.h */,
				673E1CE11D6AF10B000BBD45 /* ViewController.m */,
				673E1CDA1D6AF10B000BBD45 /* Supporting Files */,
			);
			path = CalendarDemo;
			sourceTree = "<group>";
		};
		673E1CDA1D6AF10B000BBD45 /* Supporting Files */ = {
			isa = PBXGroup;
			children = (
				673E1CEB1D6AF10B000BBD45 /* Info.plist */,
				673E1CE31D6AF10B000BBD45 /* Main.storyboard */,
				673E1CE61D6AF10B000BBD45 /* Assets.xcassets */,
				673E1CE81D6AF10B000BBD45 /* LaunchScreen.storyboard */,
				673E1CDB1D6AF10B000BBD45 /* main.m */,
			);
			name = "Supporting Files";
			sourceTree = "<group>";
		};
		673E1CF11D6AF13A000BBD45 /* CJCalendarViewController */ = {
			isa = PBXGroup;
			children = (
				673E1CF21D6AF13A000BBD45 /* CJCalendarViewController.h */,
				673E1CF31D6AF13A000BBD45 /* CJCalendarViewController.m */,
				673E1CF41D6AF13A000BBD45 /* CJDecisionView.h */,
				673E1CF51D6AF13A000BBD45 /* CJDecisionView.m */,
				673E1CF61D6AF13A000BBD45 /* CJMonthDayCollectionCell.h */,
				673E1CF71D6AF13A000BBD45 /* CJMonthDayCollectionCell.m */,
				673E1CF81D6AF13A000BBD45 /* CJMonthDayCollectionCell.xib */,
				673E1CF91D6AF13A000BBD45 /* CJMonthDayViewController.h */,
				673E1CFA1D6AF13A000BBD45 /* CJMonthDayViewController.m */,
				673E1CFB1D6AF13A000BBD45 /* CJSelectTimeScrollView.h */,
				673E1CFC1D6AF13A000BBD45 /* CJSelectTimeScrollView.m */,
				673E1CFD1D6AF13A000BBD45 /* CJShowTimeView.h */,
				673E1CFE1D6AF13A000BBD45 /* CJShowTimeView.m */,
				673E1CFF1D6AF13A000BBD45 /* CJUseTime.h */,
				673E1D001D6AF13A000BBD45 /* CJUseTime.m */,
				673E1D011D6AF13A000BBD45 /* CJYearViewController.h */,
				673E1D021D6AF13A000BBD45 /* CJYearViewController.m */,
			);
			name = CJCalendarViewController;
			path = CalendarDemo/CJCalendarViewController;
			sourceTree = "<group>";
		};
/* End PBXGroup section */

/* Begin PBXNativeTarget section */
		673E1CD61D6AF10B000BBD45 /* CalendarDemo */ = {
			isa = PBXNativeTarget;
			buildConfigurationList = 673E1CEE1D6AF10B000BBD45 /* Build configuration list for PBXNativeTarget "CalendarDemo" */;
			buildPhases = (
				673E1CD31D6AF10B000BBD45 /* Sources */,
				673E1CD41D6AF10B000BBD45 /* Frameworks */,
				673E1CD51D6AF10B000BBD45 /* Resources */,
			);
			buildRules = (
			);
			dependencies = (
			);
			name = CalendarDemo;
			productName = CalendarDemo;
			productReference = 673E1CD71D6AF10B000BBD45 /* CalendarDemo.app */;
			productType = "com.apple.product-type.application";
		};
/* End PBXNativeTarget section */

/* Begin PBXProject section */
		673E1CCF1D6AF10B000BBD45 /* Project object */ = {
			isa = PBXProject;
			attributes = {
				LastUpgradeCheck = 0730;
				ORGANIZATIONNAME = UIP;
				TargetAttributes = {
					673E1CD61D6AF10B000BBD45 = {
						CreatedOnToolsVersion = 7.3.1;
					};
				};
			};
			buildConfigurationList = 673E1CD21D6AF10B000BBD45 /* Build configuration list for PBXProject "CalendarDemo" */;
			compatibilityVersion = "Xcode 3.2";
			developmentRegion = English;
			hasScannedForEncodings = 0;
			knownRegions = (
				en,
				Base,
			);
			mainGroup = 673E1CCE1D6AF10B000BBD45;
			productRefGroup = 673E1CD81D6AF10B000BBD45 /* Products */;
			projectDirPath = "";
			projectRoot = "";
			targets = (
				673E1CD61D6AF10B000BBD45 /* CalendarDemo */,
			);
		};
/* End PBXProject section */

/* Begin PBXResourcesBuildPhase section */
		673E1CD51D6AF10B000BBD45 /* Resources */ = {
			isa = PBXResourcesBuildPhase;
			buildActionMask = 2147483647;
			files = (
				673E1CEA1D6AF10B000BBD45 /* LaunchScreen.storyboard in Resources */,
				673E1CE71D6AF10B000BBD45 /* Assets.xcassets in Resources */,
				673E1D061D6AF13A000BBD45 /* CJMonthDayCollectionCell.xib in Resources */,
				673E1CE51D6AF10B000BBD45 /* Main.storyboard in Resources */,
			);
			runOnlyForDeploymentPostprocessing = 0;
		};
/* End PBXResourcesBuildPhase section */

/* Begin PBXSourcesBuildPhase section */
		673E1CD31D6AF10B000BBD45 /* Sources */ = {
			isa = PBXSourcesBuildPhase;
			buildActionMask = 2147483647;
			files = (
				673E1CE21D6AF10B000BBD45 /* ViewController.m in Sources */,
				673E1D081D6AF13A000BBD45 /* CJSelectTimeScrollView.m in Sources */,
				673E1D071D6AF13A000BBD45 /* CJMonthDayViewController.m in Sources */,
				673E1CDF1D6AF10B000BBD45 /* AppDelegate.m in Sources */,
				673E1CDC1D6AF10B000BBD45 /* main.m in Sources */,
				673E1D0A1D6AF13A000BBD45 /* CJUseTime.m in Sources */,
				673E1D091D6AF13A000BBD45 /* CJShowTimeView.m in Sources */,
				673E1D031D6AF13A000BBD45 /* CJCalendarViewController.m in Sources */,
				673E1D051D6AF13A000BBD45 /* CJMonthDayCollectionCell.m in Sources */,
				673E1D0B1D6AF13A000BBD45 /* CJYearViewController.m in Sources */,
				673E1D041D6AF13A000BBD45 /* CJDecisionView.m in Sources */,
			);
			runOnlyForDeploymentPostprocessing = 0;
		};
/* End PBXSourcesBuildPhase section */

/* Begin PBXVariantGroup section */
		673E1CE31D6AF10B000BBD45 /* Main.storyboard */ = {
			isa = PBXVariantGroup;
			children = (
				673E1CE41D6AF10B000BBD45 /* Base */,
			);
			name = Main.storyboard;
			sourceTree = "<group>";
		};
		673E1CE81D6AF10B000BBD45 /* LaunchScreen.storyboard */ = {
			isa = PBXVariantGroup;
			children = (
				673E1CE91D6AF10B000BBD45 /* Base */,
			);
			name = LaunchScreen.storyboard;
			sourceTree = "<group>";
		};
/* End PBXVariantGroup section */

/* Begin XCBuildConfiguration section */
		673E1CEC1D6AF10B000BBD45 /* Debug */ = {
			isa = XCBuildConfiguration;
			buildSettings = {
				ALWAYS_SEARCH_USER_PATHS = NO;
				CLANG_ANALYZER_NONNULL = YES;
				CLANG_CXX_LANGUAGE_STANDARD = "gnu++0x";
				CLANG_CXX_LIBRARY = "libc++";
				CLANG_ENABLE_MODULES = YES;
				CLANG_ENABLE_OBJC_ARC = YES;
				CLANG_WARN_BOOL_CONVERSION = YES;
				CLANG_WARN_CONSTANT_CONVERSION = YES;
				CLANG_WARN_DIRECT_OBJC_ISA_USAGE = YES_ERROR;
				CLANG_WARN_EMPTY_BODY = YES;
				CLANG_WARN_ENUM_CONVERSION = YES;
				CLANG_WARN_INT_CONVERSION = YES;
				CLANG_WARN_OBJC_ROOT_CLASS = YES_ERROR;
				CLANG_WARN_UNREACHABLE_CODE = YES;
				CLANG_WARN__DUPLICATE_METHOD_MATCH = YES;
				"CODE_SIGN_IDENTITY[sdk=iphoneos*]" = "iPhone Developer";
				COPY_PHASE_STRIP = NO;
				DEBUG_INFORMATION_FORMAT = dwarf;
				ENABLE_STRICT_OBJC_MSGSEND = YES;
				ENABLE_TESTABILITY = YES;
				GCC_C_LANGUAGE_STANDARD = gnu99;
				GCC_DYNAMIC_NO_PIC = NO;
				GCC_NO_COMMON_BLOCKS = YES;
				GCC_OPTIMIZATION_LEVEL = 0;
				GCC_PREPROCESSOR_DEFINITIONS = (
					"DEBUG=1",
					"$(inherited)",
				);
				GCC_WARN_64_TO_32_BIT_CONVERSION = YES;
				GCC_WARN_ABOUT_RETURN_TYPE = YES_ERROR;
				GCC_WARN_UNDECLARED_SELECTOR = YES;
				GCC_WARN_UNINITIALIZED_AUTOS = YES_AGGRESSIVE;
				GCC_WARN_UNUSED_FUNCTION = YES;
				GCC_WARN_UNUSED_VARIABLE = YES;
				IPHONEOS_DEPLOYMENT_TARGET = 9.3;
				MTL_ENABLE_DEBUG_INFO = YES;
				ONLY_ACTIVE_ARCH = YES;
				SDKROOT = iphoneos;
				TARGETED_DEVICE_FAMILY = "1,2";
			};
			name = Debug;
		};
		673E1CED1D6AF10B000BBD45 /* Release */ = {
			isa = XCBuildConfiguration;
			buildSettings = {
				ALWAYS_SEARCH_USER_PATHS = NO;
				CLANG_ANALYZER_NONNULL = YES;
				CLANG_CXX_LANGUAGE_STANDARD = "gnu++0x";
				CLANG_CXX_LIBRARY = "libc++";
				CLANG_ENABLE_MODULES = YES;
				CLANG_ENABLE_OBJC_ARC = YES;
				CLANG_WARN_BOOL_CONVERSION = YES;
				CLANG_WARN_CONSTANT_CONVERSION = YES;
				CLANG_WARN_DIRECT_OBJC_ISA_USAGE = YES_ERROR;
				CLANG_WARN_EMPTY_BODY = YES;
				CLANG_WARN_ENUM_CONVERSION = YES;
				CLANG_WARN_INT_CONVERSION = YES;
				CLANG_WARN_OBJC_ROOT_CLASS = YES_ERROR;
				CLANG_WARN_UNREACHABLE_CODE = YES;
				CLANG_WARN__DUPLICATE_METHOD_MATCH = YES;
				"CODE_SIGN_IDENTITY[sdk=iphoneos*]" = "iPhone Developer";
				COPY_PHASE_STRIP = NO;
				DEBUG_INFORMATION_FORMAT = "dwarf-with-dsym";
				ENABLE_NS_ASSERTIONS = NO;
				ENABLE_STRICT_OBJC_MSGSEND = YES;
				GCC_C_LANGUAGE_STANDARD = gnu99;
				GCC_NO_COMMON_BLOCKS = YES;
				GCC_WARN_64_TO_32_BIT_CONVERSION = YES;
				GCC_WARN_ABOUT_RETURN_TYPE = YES_ERROR;
				GCC_WARN_UNDECLARED_SELECTOR = YES;
				GCC_WARN_UNINITIALIZED_AUTOS = YES_AGGRESSIVE;
				GCC_WARN_UNUSED_FUNCTION = YES;
				GCC_WARN_UNUSED_VARIABLE = YES;
				IPHONEOS_DEPLOYMENT_TARGET = 9.3;
				MTL_ENABLE_DEBUG_INFO = NO;
				SDKROOT = iphoneos;
				TARGETED_DEVICE_FAMILY = "1,2";
				VALIDATE_PRODUCT = YES;
			};
			name = Release;
		};
		673E1CEF1D6AF10B000BBD45 /* Debug */ = {
			isa = XCBuildConfiguration;
			buildSettings = {
				ASSETCATALOG_COMPILER_APPICON_NAME = AppIcon;
				INFOPLIST_FILE = CalendarDemo/Info.plist;
				LD_RUNPATH_SEARCH_PATHS = "$(inherited) @executable_path/Frameworks";
				PRODUCT_BUNDLE_IDENTIFIER = UIP.CalendarDemo;
				PRODUCT_NAME = "$(TARGET_NAME)";
			};
			name = Debug;
		};
		673E1CF01D6AF10B000BBD45 /* Release */ = {
			isa = XCBuildConfiguration;
			buildSettings = {
				ASSETCATALOG_COMPILER_APPICON_NAME = AppIcon;
				INFOPLIST_FILE = CalendarDemo/Info.plist;
				LD_RUNPATH_SEARCH_PATHS = "$(inherited) @executable_path/Frameworks";
				PRODUCT_BUNDLE_IDENTIFIER = UIP.CalendarDemo;
				PRODUCT_NAME = "$(TARGET_NAME)";
			};
			name = Release;
		};
/* End XCBuildConfiguration section */

/* Begin XCConfigurationList section */
		673E1CD21D6AF10B000BBD45 /* Build configuration list for PBXProject "CalendarDemo" */ = {
			isa = XCConfigurationList;
			buildConfigurations = (
				673E1CEC1D6AF10B000BBD45 /* Debug */,
				673E1CED1D6AF10B000BBD45 /* Release */,
			);
			defaultConfigurationIsVisible = 0;
			defaultConfigurationName = Release;
		};
		673E1CEE1D6AF10B000BBD45 /* Build configuration list for PBXNativeTarget "CalendarDemo" */ = {
			isa = XCConfigurationList;
			buildConfigurations = (
				673E1CEF1D6AF10B000BBD45 /* Debug */,
				673E1CF01D6AF10B000BBD45 /* Release */,
			);
			defaultConfigurationIsVisible = 0;
		};
/* End XCConfigurationList section */
	};
	rootObject = 673E1CCF1D6AF10B000BBD45 /* Project object */;
}
